{
  "R": {
    "Version": "4.5.3",
    "Repositories": [
      {
        "Name": "CRAN",
        "URL": "https://cloud.r-project.org"
      }
    ]
  },
  "Packages": {
    "arrow": {
      "Package": "arrow",
      "Version": "24.0.0",
      "Source": "Repository",
      "Repository": "CRAN"
    },
    "bimets": {
      "Package": "bimets",
      "Version": "4.1.2",
      "Source": "Repository",
      "Repository": "CRAN"
    },
    "cli": {
      "Package": "cli",
      "Version": "3.6.6",
      "Source": "Repository",
      "Repository": "CRAN"
    },
    "dplyr": {
      "Package": "dplyr",
      "Version": "1.2.1",
      "Source": "Repository",
      "Repository": "CRAN"
    },
    "ellmer": {
      "Package": "ellmer",
      "Version": "0.4.1",
      "Source": "Repository",
      "Repository": "CRAN"
    },
    "fable": {
      "Package": "fable",
      "Version": "0.5.0",
      "Source": "Repository",
      "Repository": "CRAN"
    },
    "fabletools": {
      "Package": "fabletools",
      "Version": "0.7.0",
      "Source": "Repository",
      "Repository": "CRAN"
    },
    "feasts": {
      "Package": "feasts",
      "Version": "0.5.0",
      "Source": "Repository",
      "Repository": "CRAN"
    },
    "fredr": {
      "Package": "fredr",
      "Version": "2.1.0",
      "Source": "Repository",
      "Repository": "CRAN"
    },
    "fs": {
      "Package": "fs",
      "Version": "2.1.0",
      "Source": "Repository",
      "Repository": "CRAN"
    },
    "glue": {
      "Package": "glue",
      "Version": "1.8.0",
      "Source": "Repository",
      "Repository": "CRAN"
    },
    "here": {
      "Package": "here",
      "Version": "1.0.2",
      "Source": "Repository",
      "Repository": "CRAN"
    },
    "judgement": {
      "Package": "judgement",
      "Version": "0.0.0.9000",
      "Source": "Local"
    },
    "KFAS": {
      "Package": "KFAS",
      "Version": "1.6.0",
      "Source": "Repository",
      "Repository": "CRAN"
    },
    "lubridate": {
      "Package": "lubridate",
      "Version": "1.9.5",
      "Source": "Repository",
      "Repository": "CRAN"
    },
    "martin": {
      "Package": "martin",
      "Version": "0.0.0.9000",
      "Source": "Local"
    },
    "nowcast": {
      "Package": "nowcast",
      "Version": "0.0.0.9000",
      "Source": "Local"
    },
    "OECD": {
      "Package": "OECD",
      "Version": "0.2.5",
      "Source": "Repository",
      "Repository": "CRAN"
    },
    "purrr": {
      "Package": "purrr",
      "Version": "1.2.2",
      "Source": "Repository",
      "Repository": "CRAN"
    },
    "readabs": {
      "Package": "readabs",
      "Version": "0.4.20",
      "Source": "Repository",
      "Repository": "CRAN"
    },
    "readr": {
      "Package": "readr",
      "Version": "2.2.0",
      "Source": "Repository",
      "Repository": "CRAN"
    },
    "readrba": {
      "Package": "readrba",
      "Version": "0.1.12",
      "Source": "Repository",
      "Repository": "CRAN"
    },
    "readxl": {
      "Package": "readxl",
      "Version": "1.4.5",
      "Source": "Repository",
      "Repository": "CRAN"
    },
    "rlang": {
      "Package": "rlang",
      "Version": "1.2.0",
      "Source": "Repository",
      "Repository": "CRAN"
    },
    "sibyldata": {
      "Package": "sibyldata",
      "Version": "0.0.0.9000",
      "Source": "Local"
    },
    "stringr": {
      "Package": "stringr",
      "Version": "1.6.0",
      "Source": "Repository",
      "Repository": "CRAN"
    },
    "tempdisagg": {
      "Package": "tempdisagg",
      "Version": "1.2.0",
      "Source": "Repository",
      "Repository": "CRAN"
    },
    "testthat": {
      "Package": "testthat",
      "Version": "3.3.2",
      "Source": "Repository",
      "Repository": "CRAN"
    },
    "tibble": {
      "Package": "tibble",
      "Version": "3.3.1",
      "Source": "Repository",
      "Repository": "CRAN"
    },
    "tidyr": {
      "Package": "tidyr",
      "Version": "1.3.2",
      "Source": "Repository",
      "Repository": "CRAN"
    },
    "tsibble": {
      "Package": "tsibble",
      "Version": "1.2.0",
      "Source": "Repository",
      "Repository": "CRAN"
    },
    "vctrs": {
      "Package": "vctrs",
      "Version": "0.7.3",
      "Source": "Repository",
      "Repository": "CRAN"
    },
    "withr": {
      "Package": "withr",
      "Version": "3.0.2",
      "Source": "Repository",
      "Repository": "CRAN"
    },
    "xts": {
      "Package": "xts",
      "Version": "0.14.2",
      "Source": "Repository",
      "Repository": "CRAN"
    },
    "zoo": {
      "Package": "zoo",
      "Version": "1.8-15",
      "Source": "Repository",
      "Repository": "CRAN"
    }
  }
}
